
Microsoft Visual Studio Solution File, Format Version 12.00
# Visual Studio 14
VisualStudioVersion = 14.0.25420.1
MinimumVisualStudioVersion = 10.0.40219.1
Project("{FAE04EC0-301F-11D3-BF4B-00C04F79EFBC}") = "LoopingWithArrays", "LoopingWithArrays\LoopingWithArrays.csproj", "{354A02DE-B35D-4167-9963-1CE0F23052CE}"
EndProject
Project("{FAE04EC0-301F-11D3-BF4B-00C04F79EFBC}") = "ArrayProb2(Frogger)", "..\..\ArrayProb2(Frogger)\ArrayProb2(Frogger)\ArrayProb2(Frogger).csproj", "{B5060F83-D814-4D9C-9825-8569B9413B6B}"
EndProject
Global
	GlobalSection(SolutionConfigurationPlatforms) = preSolution
		Debug|Any CPU = Debug|Any CPU
		Release|Any CPU = Release|Any CPU
	EndGlobalSection
	GlobalSection(ProjectConfigurationPlatforms) = postSolution
		{354A02DE-B35D-4167-9963-1CE0F23052CE}.Debug|Any CPU.ActiveCfg = Debug|Any CPU
		{354A02DE-B35D-4167-9963-1CE0F23052CE}.Debug|Any CPU.Build.0 = Debug|Any CPU
		{354A02DE-B35D-4167-9963-1CE0F23052CE}.Release|Any CPU.ActiveCfg = Release|Any CPU
		{354A02DE-B35D-4167-9963-1CE0F23052CE}.Release|Any CPU.Build.0 = Release|Any CPU
		{B5060F83-D814-4D9C-9825-8569B9413B6B}.Debug|Any CPU.ActiveCfg = Debug|Any CPU
		{B5060F83-D814-4D9C-9825-8569B9413B6B}.Debug|Any CPU.Build.0 = Debug|Any CPU
		{B5060F83-D814-4D9C-9825-8569B9413B6B}.Release|Any CPU.ActiveCfg = Release|Any CPU
		{B5060F83-D814-4D9C-9825-8569B9413B6B}.Release|Any CPU.Build.0 = Release|Any CPU
	EndGlobalSection
	GlobalSection(SolutionProperties) = preSolution
		HideSolutionNode = FALSE
	EndGlobalSection
EndGlobal
